<?xml version="1.0" encoding="utf-8"?>
<Project ToolsVersion="4.0" xmlns="http://schemas.microsoft.com/developer/msbuild/2003">
  <ItemGroup>
    <FxCompile Include="DebugLinePS.hlsl" />
    <FxCompile Include="DebugLineVS.hlsl" />
    <FxCompile Include="NormalPS.hlsl" />
    <FxCompile Include="NormalVS.hlsl" />
    <FxCompile Include="DefaultPS.hlsl" />
    <FxCompile Include="ShadowVS.hlsl" />
    <FxCompile Include="SkyPS.hlsl" />
    <FxCompile Include="SkyVS.hlsl" />
    <FxCompile Include="DefaultVS.hlsl" />
    <FxCompile Include="TerrainPS.hlsl" />
  </ItemGroup>
  <ItemGroup>
    <ClCompile Include="Camera.cpp" />
    <ClCompile Include="Collider.cpp" />
    <ClCompile Include="DebugLines.cpp" />
    <ClCompile Include="DXCore.cpp" />
    <ClCompile Include="Entity.cpp" />
    <ClCompile Include="Game.cpp" />
    <ClCompile Include="EtherealEngine.cpp" />
    <ClCompile Include="Main.cpp" />
    <ClCompile Include="Material.cpp" />
    <ClCompile Include="Mesh.cpp" />
    <ClCompile Include="Renderer.cpp" />
    <ClCompile Include="RigidBody.cpp" />
    <ClCompile Include="SimpleShader.cpp" />
    <ClCompile Include="Terrain.cpp" />
    <ClCompile Include="TerrainMaterial.cpp" />
  </ItemGroup>
  <ItemGroup>
    <ClInclude Include="Camera.h" />
    <ClInclude Include="Collider.h" />
    <ClInclude Include="DebugLines.h" />
    <ClInclude Include="DXCore.h" />
    <ClInclude Include="Entity.h" />
    <ClInclude Include="Game.h" />
    <ClInclude Include="EtherealEngine.h" />
    <ClInclude Include="Lights.h" />
    <ClInclude Include="Material.h" />
    <ClInclude Include="Mesh.h" />
    <ClInclude Include="Renderer.h" />
    <ClInclude Include="RigidBody.h" />
    <ClInclude Include="Shadows.h" />
    <ClInclude Include="SimpleShader.h" />
    <ClInclude Include="Terrain.h" />
    <ClInclude Include="TerrainMaterial.h" />
    <ClInclude Include="Utility.h" />
    <ClInclude Include="Vertex.h" />
  </ItemGroup>
  <ItemGroup>
    <ResourceCompile Include="DX11Starter.rc" />
  </ItemGroup>
  <ItemGroup>
    <None Include="Lighting.hlsli" />
    <None Include="packages.config" />
  </ItemGroup>
  <ItemGroup>
    <Text Include="scene.txt" />
  </ItemGroup>
</Project>