<?xml version="1.0" encoding="utf-8"?>
<Project ToolsVersion="4.0" xmlns="http://schemas.microsoft.com/developer/msbuild/2003">
  <ItemGroup>
    <FxCompile Include="DebugLineVS.hlsl">
      <Filter>EEShaders\Vertex Shaders</Filter>
    </FxCompile>
    <FxCompile Include="DefaultVS.hlsl">
      <Filter>EEShaders\Vertex Shaders</Filter>
    </FxCompile>
    <FxCompile Include="NormalVS.hlsl">
      <Filter>EEShaders\Vertex Shaders</Filter>
    </FxCompile>
    <FxCompile Include="SkyVS.hlsl">
      <Filter>EEShaders\Vertex Shaders</Filter>
    </FxCompile>
    <FxCompile Include="DebugLinePS.hlsl">
      <Filter>EEShaders\Pixel Shaders</Filter>
    </FxCompile>
    <FxCompile Include="DefaultPS.hlsl">
      <Filter>EEShaders\Pixel Shaders</Filter>
    </FxCompile>
    <FxCompile Include="NormalPS.hlsl">
      <Filter>EEShaders\Pixel Shaders</Filter>
    </FxCompile>
    <FxCompile Include="SkyPS.hlsl">
      <Filter>EEShaders\Pixel Shaders</Filter>
    </FxCompile>
    <FxCompile Include="DefaultPS_SSAO.hlsl">
      <Filter>EEShaders\Pixel Shaders</Filter>
    </FxCompile>
    <FxCompile Include="DecalPS.hlsl">
      <Filter>EEShaders\Pixel Shaders</Filter>
    </FxCompile>
    <FxCompile Include="DecalVS.hlsl">
      <Filter>EEShaders\Vertex Shaders</Filter>
    </FxCompile>
    <FxCompile Include="InitDeadListCS.hlsl">
      <Filter>EEShaders\Compute Shaders</Filter>
    </FxCompile>
    <FxCompile Include="ParticleDrawArgsCS.hlsl">
      <Filter>EEShaders\Compute Shaders</Filter>
    </FxCompile>
    <FxCompile Include="EmitParticleCS.hlsl">
      <Filter>EEShaders\Compute Shaders</Filter>
    </FxCompile>
    <FxCompile Include="UpdateParticleCS.hlsl">
      <Filter>EEShaders\Compute Shaders</Filter>
    </FxCompile>
    <FxCompile Include="FluidVS.hlsl">
      <Filter>EEShaders\Vertex Shaders</Filter>
    </FxCompile>
    <FxCompile Include="DashBlurPS.hlsl">
      <Filter>EEShaders\Pixel Shaders\Post Process</Filter>
    </FxCompile>
    <FxCompile Include="PostProcessVS.hlsl">
      <Filter>EEShaders\Vertex Shaders\Post Process</Filter>
    </FxCompile>
    <FxCompile Include="DepthStencilVS.hlsl">
      <Filter>EEShaders\Vertex Shaders\Render Prepass</Filter>
    </FxCompile>
    <FxCompile Include="FluidPrepassVS.hlsl">
      <Filter>EEShaders\Vertex Shaders\Render Prepass</Filter>
    </FxCompile>
    <FxCompile Include="DepthStencilPS.hlsl">
      <Filter>EEShaders\Pixel Shaders\Render Prepass</Filter>
    </FxCompile>
    <FxCompile Include="CPUParticlePS.hlsl">
      <Filter>EEShaders\Pixel Shaders\Particle System</Filter>
    </FxCompile>
    <FxCompile Include="ParticlePS.hlsl">
      <Filter>EEShaders\Pixel Shaders\Particle System</Filter>
    </FxCompile>
    <FxCompile Include="ParticleVS.hlsl">
      <Filter>EEShaders\Vertex Shaders\Particle System</Filter>
    </FxCompile>
    <FxCompile Include="CPUParticleVS.hlsl">
      <Filter>EEShaders\Vertex Shaders\Particle System</Filter>
    </FxCompile>
  </ItemGroup>
  <ItemGroup>
    <ClCompile Include="Camera.cpp">
      <Filter>EECore\Source Files</Filter>
    </ClCompile>
    <ClCompile Include="Collider.cpp">
      <Filter>EECore\Source Files</Filter>
    </ClCompile>
    <ClCompile Include="DebugLines.cpp">
      <Filter>EECore\Source Files</Filter>
    </ClCompile>
    <ClCompile Include="DXCore.cpp">
      <Filter>EECore\Source Files</Filter>
    </ClCompile>
    <ClCompile Include="Entity.cpp">
      <Filter>EECore\Source Files</Filter>
    </ClCompile>
    <ClCompile Include="Game.cpp">
      <Filter>EECore\Source Files</Filter>
    </ClCompile>
    <ClCompile Include="Main.cpp">
      <Filter>EECore\Source Files</Filter>
    </ClCompile>
    <ClCompile Include="Material.cpp">
      <Filter>EECore\Source Files</Filter>
    </ClCompile>
    <ClCompile Include="Mesh.cpp">
      <Filter>EECore\Source Files</Filter>
    </ClCompile>
    <ClCompile Include="Renderer.cpp">
      <Filter>EECore\Source Files</Filter>
    </ClCompile>
    <ClCompile Include="SceneLoader.cpp">
      <Filter>EECore\Source Files</Filter>
    </ClCompile>
    <ClCompile Include="SimpleShader.cpp">
      <Filter>EECore\Source Files</Filter>
    </ClCompile>
    <ClCompile Include="Config.cpp">
      <Filter>EECore\Source Files</Filter>
    </ClCompile>
    <ClCompile Include="ScriptManager.cpp">
      <Filter>EECore\Source Files</Filter>
    </ClCompile>
    <ClCompile Include="MemoryAllocator.cpp">
      <Filter>EECore\Source Files</Filter>
    </ClCompile>
    <ClCompile Include="Barrel.cpp">
      <Filter>EEScripts\Source</Filter>
    </ClCompile>
    <ClCompile Include="FPSController.cpp">
      <Filter>EEScripts\Source</Filter>
    </ClCompile>
    <ClCompile Include="pch.cpp">
      <Filter>EECore\Source Files</Filter>
    </ClCompile>
    <ClCompile Include="KeyboardEvent.cpp">
      <Filter>EECore\Source Files\Keyboard</Filter>
    </ClCompile>
    <ClCompile Include="Keyboard.cpp">
      <Filter>EECore\Source Files\Keyboard</Filter>
    </ClCompile>
    <ClCompile Include="DecalHandler.cpp">
      <Filter>EECore\Source Files</Filter>
    </ClCompile>
    <ClCompile Include="Mouse.cpp">
      <Filter>EECore\Source Files\Mouse</Filter>
    </ClCompile>
    <ClCompile Include="MouseEvent.cpp">
      <Filter>EECore\Source Files\Mouse</Filter>
    </ClCompile>
    <ClCompile Include="BloodIcicle.cpp">
      <Filter>EEScripts\Source</Filter>
    </ClCompile>
    <ClCompile Include="ParticleEmitter.cpp">
      <Filter>EECore\Source Files\Particle System</Filter>
    </ClCompile>
    <ClCompile Include="GPUParticleEmitter.cpp">
      <Filter>EECore\Source Files\Particle System</Filter>
    </ClCompile>
    <ClCompile Include="CPUParticleEmitter.cpp">
      <Filter>EECore\Source Files\Particle System</Filter>
    </ClCompile>
    <ClCompile Include="BloodOrb.cpp">
      <Filter>EEScripts\Source</Filter>
    </ClCompile>
    <ClCompile Include="AmbientParticles.cpp">
      <Filter>EEScripts\Source</Filter>
    </ClCompile>
  </ItemGroup>
  <ItemGroup>
    <ClInclude Include="Camera.h">
      <Filter>EECore\Header Files</Filter>
    </ClInclude>
    <ClInclude Include="Collider.h">
      <Filter>EECore\Header Files</Filter>
    </ClInclude>
    <ClInclude Include="DebugLines.h">
      <Filter>EECore\Header Files</Filter>
    </ClInclude>
    <ClInclude Include="DXCore.h">
      <Filter>EECore\Header Files</Filter>
    </ClInclude>
    <ClInclude Include="Entity.h">
      <Filter>EECore\Header Files</Filter>
    </ClInclude>
    <ClInclude Include="Game.h">
      <Filter>EECore\Header Files</Filter>
    </ClInclude>
    <ClInclude Include="Material.h">
      <Filter>EECore\Header Files</Filter>
    </ClInclude>
    <ClInclude Include="Mesh.h">
      <Filter>EECore\Header Files</Filter>
    </ClInclude>
    <ClInclude Include="Renderer.h">
      <Filter>EECore\Header Files</Filter>
    </ClInclude>
    <ClInclude Include="SceneLoader.h">
      <Filter>EECore\Header Files</Filter>
    </ClInclude>
    <ClInclude Include="SimpleShader.h">
      <Filter>EECore\Header Files</Filter>
    </ClInclude>
    <ClInclude Include="Config.h">
      <Filter>EECore\Header Files</Filter>
    </ClInclude>
    <ClInclude Include="ScriptManager.h">
      <Filter>EECore\Header Files</Filter>
    </ClInclude>
    <ClInclude Include="pch.h">
      <Filter>EECore\Header Files</Filter>
    </ClInclude>
    <ClInclude Include="MemoryAllocator.h">
      <Filter>EECore\Header Files</Filter>
    </ClInclude>
    <ClInclude Include="Barrel.h">
      <Filter>EEScripts\Headers</Filter>
    </ClInclude>
    <ClInclude Include="FPSController.h">
      <Filter>EEScripts\Headers</Filter>
    </ClInclude>
    <ClInclude Include="DecalHandler.h">
      <Filter>EECore\Header Files</Filter>
    </ClInclude>
    <ClInclude Include="KeyboardEvent.h">
      <Filter>EECore\Header Files\Keyboard</Filter>
    </ClInclude>
    <ClInclude Include="Keyboard.h">
      <Filter>EECore\Header Files\Keyboard</Filter>
    </ClInclude>
    <ClInclude Include="Utility.h">
      <Filter>EECore\Utility</Filter>
    </ClInclude>
    <ClInclude Include="Lights.h">
      <Filter>EECore\Utility\Structs</Filter>
    </ClInclude>
    <ClInclude Include="Scripts.h">
      <Filter>EECore\Utility\Structs</Filter>
    </ClInclude>
    <ClInclude Include="Vertex.h">
      <Filter>EECore\Utility\Structs</Filter>
    </ClInclude>
    <ClInclude Include="Particles.h">
      <Filter>EECore\Utility\Structs</Filter>
    </ClInclude>
    <ClInclude Include="ParticleEmitter.h">
      <Filter>EECore\Header Files\Particle System</Filter>
    </ClInclude>
    <ClInclude Include="GPUParticleEmitter.h">
      <Filter>EECore\Header Files\Particle System</Filter>
    </ClInclude>
    <ClInclude Include="CPUParticleEmitter.h">
      <Filter>EECore\Header Files\Particle System</Filter>
    </ClInclude>
    <ClInclude Include="PhysicsWrapper.h">
      <Filter>EECore\Utility\Structs</Filter>
    </ClInclude>
    <ClInclude Include="EEString.h">
      <Filter>EECore\Utility</Filter>
    </ClInclude>
    <ClInclude Include="Mouse.h">
      <Filter>EECore\Header Files\Mouse</Filter>
    </ClInclude>
    <ClInclude Include="MouseEvent.h">
      <Filter>EECore\Header Files\Mouse</Filter>
    </ClInclude>
    <ClInclude Include="BloodIcicle.h">
      <Filter>EEScripts\Headers</Filter>
    </ClInclude>
    <ClInclude Include="BehaviorTree.h">
      <Filter>EECore\Header Files\BehaviorTree</Filter>
    </ClInclude>
    <ClInclude Include="TestBehavior.h">
      <Filter>EECore\Header Files\BehaviorTree</Filter>
    </ClInclude>
    <ClInclude Include="BehaviorTreeBuilder.h">
      <Filter>EECore\Header Files\BehaviorTree</Filter>
    </ClInclude>
    <ClInclude Include="RendererStructs.h">
      <Filter>EECore\Utility\Structs</Filter>
    </ClInclude>
    <ClInclude Include="BloodOrb.h">
      <Filter>EEScripts\Headers</Filter>
    </ClInclude>
    <ClInclude Include="AmbientParticles.h">
      <Filter>EEScripts\Headers</Filter>
    </ClInclude>
  </ItemGroup>
  <ItemGroup>
    <None Include="packages.config">
      <Filter>Other</Filter>
    </None>
    <None Include="ParticleStructs.hlsli">
      <Filter>EEShaders\Headers</Filter>
    </None>
    <None Include="Lighting.hlsli">
      <Filter>EEShaders\Headers</Filter>
    </None>
  </ItemGroup>
  <ItemGroup>
    <Filter Include="Other">
      <UniqueIdentifier>{4aa53eb7-556a-4700-95b7-4360786e05f4}</UniqueIdentifier>
    </Filter>
    <Filter Include="EECore">
      <UniqueIdentifier>{c77af2b2-bfcb-48bc-bbd6-8486db419b46}</UniqueIdentifier>
    </Filter>
    <Filter Include="EEScripts">
      <UniqueIdentifier>{fe87e0ec-79c1-4cfa-bfb0-eb3997dc5c8c}</UniqueIdentifier>
    </Filter>
    <Filter Include="EEScripts\Headers">
      <UniqueIdentifier>{2383e04e-157f-4e98-83db-ab428b98f2d4}</UniqueIdentifier>
    </Filter>
    <Filter Include="EEScripts\Source">
      <UniqueIdentifier>{4d2927d5-2e85-45bc-829c-bb76cb29ec64}</UniqueIdentifier>
    </Filter>
    <Filter Include="EECore\Source Files">
      <UniqueIdentifier>{cd35fe6d-2e82-4caf-b163-9deac70dd6e2}</UniqueIdentifier>
    </Filter>
    <Filter Include="EECore\Header Files">
      <UniqueIdentifier>{0940d3a7-1870-4825-aa75-6ead6ee6b7b2}</UniqueIdentifier>
    </Filter>
    <Filter Include="EEShaders">
      <UniqueIdentifier>{197caef3-f5d0-4939-8dff-f8d37056ea43}</UniqueIdentifier>
    </Filter>
    <Filter Include="EEShaders\Pixel Shaders">
      <UniqueIdentifier>{e07896d8-d5cd-419c-9bdf-f3d8177b5d28}</UniqueIdentifier>
    </Filter>
    <Filter Include="EEShaders\Vertex Shaders">
      <UniqueIdentifier>{16fbe4d5-4511-45e1-b971-938c635a7e34}</UniqueIdentifier>
    </Filter>
    <Filter Include="EEScenes">
      <UniqueIdentifier>{10bb6dee-8673-4f20-9d6d-8b5e6a9458e8}</UniqueIdentifier>
    </Filter>
    <Filter Include="EEShaders\Compute Shaders">
      <UniqueIdentifier>{cf4c20e1-06bf-4688-a8c4-8fccea182adf}</UniqueIdentifier>
    </Filter>
    <Filter Include="EEShaders\Geometry Shaders">
      <UniqueIdentifier>{ee0ab75f-3663-4ccb-bfa3-6b5a731e270d}</UniqueIdentifier>
    </Filter>
    <Filter Include="EECore\Header Files\Keyboard">
      <UniqueIdentifier>{72ff7ae4-872c-4f1a-9a4a-cf79f1e2dad4}</UniqueIdentifier>
    </Filter>
    <Filter Include="EECore\Source Files\Keyboard">
      <UniqueIdentifier>{aa161763-d20f-462e-a089-4f34139a2f99}</UniqueIdentifier>
    </Filter>
    <Filter Include="EEShaders\Headers">
      <UniqueIdentifier>{38885e00-7a45-4790-a0c0-d10b3ba76ced}</UniqueIdentifier>
    </Filter>
    <Filter Include="EECore\Utility">
      <UniqueIdentifier>{f0733142-ea50-4f52-afa4-3f0a5b63dff4}</UniqueIdentifier>
    </Filter>
    <Filter Include="EECore\Utility\Structs">
      <UniqueIdentifier>{e56f4719-8306-4a5e-9e1a-ff3a54ce1105}</UniqueIdentifier>
    </Filter>
    <Filter Include="EECore\Header Files\Particle System">
      <UniqueIdentifier>{9300da03-bb20-4116-9528-68c88d6fcf81}</UniqueIdentifier>
    </Filter>
    <Filter Include="EECore\Source Files\Particle System">
      <UniqueIdentifier>{3bc807bf-bb34-40c9-9b5b-e4b0e16b8ecb}</UniqueIdentifier>
    </Filter>
    <Filter Include="EECore\Header Files\Mouse">
      <UniqueIdentifier>{3bdc881b-405f-4590-884a-1e7d742290cf}</UniqueIdentifier>
    </Filter>
    <Filter Include="EECore\Source Files\Mouse">
      <UniqueIdentifier>{7b53909b-60ff-49bf-a1c8-616f0f49bd1d}</UniqueIdentifier>
    </Filter>
    <Filter Include="EECore\Header Files\BehaviorTree">
      <UniqueIdentifier>{7b3ba34d-b5cb-4d23-8da0-1e3cae118d2c}</UniqueIdentifier>
    </Filter>
    <Filter Include="EEShaders\Pixel Shaders\Post Process">
      <UniqueIdentifier>{cf732fcd-48b9-4540-b758-601c9faf93c4}</UniqueIdentifier>
    </Filter>
    <Filter Include="EEShaders\Vertex Shaders\Post Process">
      <UniqueIdentifier>{c1c0f0ef-ba73-4d78-a93b-16f782d6fd26}</UniqueIdentifier>
    </Filter>
    <Filter Include="EEShaders\Vertex Shaders\Render Prepass">
      <UniqueIdentifier>{fe053bd4-c651-4fac-8d50-a4a4a7b7c037}</UniqueIdentifier>
    </Filter>
    <Filter Include="EEShaders\Pixel Shaders\Render Prepass">
      <UniqueIdentifier>{ce4f6d2c-2ce7-4002-80a4-1d1e16bfabee}</UniqueIdentifier>
    </Filter>
    <Filter Include="EEShaders\Pixel Shaders\Particle System">
      <UniqueIdentifier>{d01444b4-8ceb-4880-88e3-ce935d3460d8}</UniqueIdentifier>
    </Filter>
    <Filter Include="EEShaders\Vertex Shaders\Particle System">
      <UniqueIdentifier>{199272bf-d11b-4187-b0f9-e77493b049aa}</UniqueIdentifier>
    </Filter>
  </ItemGroup>
  <ItemGroup>
    <Text Include="..\Assets\Scenes\Arena.txt">
      <Filter>EEScenes</Filter>
    </Text>
    <Text Include="..\Assets\Scenes\ArenaV2.txt">
      <Filter>EEScenes</Filter>
    </Text>
    <Text Include="..\Assets\Scenes\Tutorial.txt">
      <Filter>EEScenes</Filter>
    </Text>
    <Text Include="..\Assets\Scenes\City.txt">
      <Filter>EEScenes</Filter>
    </Text>
    <Text Include="..\Assets\EEAssetPreload.txt">
      <Filter>EEScenes</Filter>
    </Text>
    <Text Include="..\Assets\Scenes\Kamchatka.txt">
      <Filter>EEScenes</Filter>
    </Text>
  </ItemGroup>
  <ItemGroup>
    <ResourceCompile Include="DX11Starter.rc">
      <Filter>Other</Filter>
    </ResourceCompile>
  </ItemGroup>
</Project>